
Microsoft Visual Studio Solution File, Format Version 12.00
# Visual Studio 15
VisualStudioVersion = 15.0.28307.168
MinimumVisualStudioVersion = 10.0.40219.1
Project("{FAE04EC0-301F-11D3-BF4B-00C04F79EFBC}") = "aws-DevOps-Test", "aws-DevOps-Test\aws-DevOps-Test.csproj", "{9463592D-B93A-4FB7-B100-0B1564F798D3}"
EndProject
Global
	GlobalSection(SolutionConfigurationPlatforms) = preSolution
		Debug|Any CPU = Debug|Any CPU
		Release|Any CPU = Release|Any CPU
	EndGlobalSection
	GlobalSection(ProjectConfigurationPlatforms) = postSolution
		{9463592D-B93A-4FB7-B100-0B1564F798D3}.Debug|Any CPU.ActiveCfg = Debug|Any CPU
		{9463592D-B93A-4FB7-B100-0B1564F798D3}.Debug|Any CPU.Build.0 = Debug|Any CPU
		{9463592D-B93A-4FB7-B100-0B1564F798D3}.Release|Any CPU.ActiveCfg = Release|Any CPU
		{9463592D-B93A-4FB7-B100-0B1564F798D3}.Release|Any CPU.Build.0 = Release|Any CPU
	EndGlobalSection
	GlobalSection(SolutionProperties) = preSolution
		HideSolutionNode = FALSE
	EndGlobalSection
	GlobalSection(ExtensibilityGlobals) = postSolution
		SolutionGuid = {8F4421B5-8C5A-46E4-B80D-02E30F85CC87}
	EndGlobalSection
EndGlobal
